
Microsoft Visual Studio Solution File, Format Version 11.00
# Visual Studio 2010
Project("{FAE04EC0-301F-11D3-BF4B-00C04F79EFBC}") = "VanishGamePlay", "Assembly-CSharp-firstpass.csproj", "{59603D30-64CA-F23D-29F4-9BB041DA335A}"
EndProject
Project("{FAE04EC0-301F-11D3-BF4B-00C04F79EFBC}") = "VanishGamePlay", "Assembly-CSharp.csproj", "{7F121997-3AC0-FC40-A037-A6ACADCEB2D6}"
EndProject
Project("{FAE04EC0-301F-11D3-BF4B-00C04F79EFBC}") = "VanishGamePlay", "Assembly-CSharp-Editor-firstpass.csproj", "{AF7866E1-B7CA-AD6D-3863-F642C3950A59}"
EndProject
Global
	GlobalSection(SolutionConfigurationPlatforms) = preSolution
		Debug|Any CPU = Debug|Any CPU
		Release|Any CPU = Release|Any CPU
	EndGlobalSection
	GlobalSection(ProjectConfigurationPlatforms) = postSolution
		{59603D30-64CA-F23D-29F4-9BB041DA335A}.Debug|Any CPU.ActiveCfg = Debug|Any CPU
		{59603D30-64CA-F23D-29F4-9BB041DA335A}.Debug|Any CPU.Build.0 = Debug|Any CPU
		{59603D30-64CA-F23D-29F4-9BB041DA335A}.Release|Any CPU.ActiveCfg = Release|Any CPU
		{59603D30-64CA-F23D-29F4-9BB041DA335A}.Release|Any CPU.Build.0 = Release|Any CPU
		{7F121997-3AC0-FC40-A037-A6ACADCEB2D6}.Debug|Any CPU.ActiveCfg = Debug|Any CPU
		{7F121997-3AC0-FC40-A037-A6ACADCEB2D6}.Debug|Any CPU.Build.0 = Debug|Any CPU
		{7F121997-3AC0-FC40-A037-A6ACADCEB2D6}.Release|Any CPU.ActiveCfg = Release|Any CPU
		{7F121997-3AC0-FC40-A037-A6ACADCEB2D6}.Release|Any CPU.Build.0 = Release|Any CPU
		{AF7866E1-B7CA-AD6D-3863-F642C3950A59}.Debug|Any CPU.ActiveCfg = Debug|Any CPU
		{AF7866E1-B7CA-AD6D-3863-F642C3950A59}.Debug|Any CPU.Build.0 = Debug|Any CPU
		{AF7866E1-B7CA-AD6D-3863-F642C3950A59}.Release|Any CPU.ActiveCfg = Release|Any CPU
		{AF7866E1-B7CA-AD6D-3863-F642C3950A59}.Release|Any CPU.Build.0 = Release|Any CPU
	EndGlobalSection
	GlobalSection(SolutionProperties) = preSolution
		HideSolutionNode = FALSE
	EndGlobalSection
	GlobalSection(MonoDevelopProperties) = preSolution
		StartupItem = Assembly-CSharp.csproj
	EndGlobalSection
EndGlobal
